
Microsoft Visual Studio Solution File, Format Version 12.00
# Visual Studio Version 17
VisualStudioVersion = 17.6.33801.468
MinimumVisualStudioVersion = 10.0.40219.1
Project("{FAE04EC0-301F-11D3-BF4B-00C04F79EFBC}") = "FoodDelivery", "FoodDelivery\FoodDelivery.csproj", "{226B54CE-7084-4FE6-B47D-2369AA9DDD34}"
EndProject
Global
	GlobalSection(SolutionConfigurationPlatforms) = preSolution
		Debug|Any CPU = Debug|Any CPU
		Release|Any CPU = Release|Any CPU
	EndGlobalSection
	GlobalSection(ProjectConfigurationPlatforms) = postSolution
		{226B54CE-7084-4FE6-B47D-2369AA9DDD34}.Debug|Any CPU.ActiveCfg = Debug|Any CPU
		{226B54CE-7084-4FE6-B47D-2369AA9DDD34}.Debug|Any CPU.Build.0 = Debug|Any CPU
		{226B54CE-7084-4FE6-B47D-2369AA9DDD34}.Release|Any CPU.ActiveCfg = Release|Any CPU
		{226B54CE-7084-4FE6-B47D-2369AA9DDD34}.Release|Any CPU.Build.0 = Release|Any CPU
	EndGlobalSection
	GlobalSection(SolutionProperties) = preSolution
		HideSolutionNode = FALSE
	EndGlobalSection
	GlobalSection(ExtensibilityGlobals) = postSolution
		SolutionGuid = {1E362D1B-0B5A-4D11-B46A-8D69AA339C6A}
	EndGlobalSection
EndGlobal
